
Microsoft Visual Studio Solution File, Format Version 12.00
# Visual Studio Version 16
VisualStudioVersion = 16.0.30204.135
MinimumVisualStudioVersion = 10.0.40219.1
Project("{2150E333-8FDC-42A3-9474-1A3956D46DE8}") = "Solution Items", "Solution Items", "{E793AF18-4371-4EBD-96FC-195EB1798855}"
	ProjectSection(SolutionItems) = preProject
		.gitignore = .gitignore
		src\Directory.Build.props = src\Directory.Build.props
		LICENSE = LICENSE
		README.md = README.md
	EndProjectSection
EndProject
Project("{2150E333-8FDC-42A3-9474-1A3956D46DE8}") = "libs", "libs", "{61E7E11E-4558-434C-ACE8-06316A3097B3}"
	ProjectSection(SolutionItems) = preProject
		src\libs\Directory.Build.props = src\libs\Directory.Build.props
	EndProjectSection
EndProject
Project("{2150E333-8FDC-42A3-9474-1A3956D46DE8}") = "tests", "tests", "{AAA11B78-2764-4520-A97E-46AA7089A588}"
EndProject
Project("{FAE04EC0-301F-11D3-BF4B-00C04F79EFBC}") = "OpenAI", "src\libs\OpenAI\OpenAI.csproj", "{0028BC85-0064-4CE8-A21A-C1F5E922BD59}"
EndProject
Project("{FAE04EC0-301F-11D3-BF4B-00C04F79EFBC}") = "OpenAI.Generators", "src\libs\OpenAI.Generators\OpenAI.Generators.csproj", "{5504353C-9B7F-402B-9268-4821AB5E73F9}"
EndProject
Project("{FAE04EC0-301F-11D3-BF4B-00C04F79EFBC}") = "FixOpenApiSpec", "src\helpers\FixOpenApiSpec\FixOpenApiSpec.csproj", "{594DCFD8-E707-4232-B878-90FA3D880474}"
EndProject
Project("{2150E333-8FDC-42A3-9474-1A3956D46DE8}") = "helpers", "helpers", "{1A008ECD-2300-4BE4-A302-49DDF8BE0D54}"
EndProject
Project("{FAE04EC0-301F-11D3-BF4B-00C04F79EFBC}") = "OpenAI.Generators.Core", "src\libs\OpenAI.Generators.Core\OpenAI.Generators.Core.csproj", "{FCBE699C-CCD3-4809-8128-78956BC3F2C3}"
EndProject
Project("{FAE04EC0-301F-11D3-BF4B-00C04F79EFBC}") = "TrimmingHelper", "src\helpers\TrimmingHelper\TrimmingHelper.csproj", "{9F7DC3A1-B113-4577-875D-73B2DDD6647A}"
EndProject
Project("{FAE04EC0-301F-11D3-BF4B-00C04F79EFBC}") = "OpenAI.IntegrationTests", "src\tests\OpenAI.IntegrationTests\OpenAI.IntegrationTests.csproj", "{A3F06E45-DFA8-4236-BFF5-425091762548}"
EndProject
Project("{FAE04EC0-301F-11D3-BF4B-00C04F79EFBC}") = "OpenAI.SnapshotTests", "src\tests\OpenAI.SnapshotTests\OpenAI.SnapshotTests.csproj", "{F1A9D4C9-0075-4AB0-95A2-095B7DF31FB1}"
EndProject
Project("{2150E333-8FDC-42A3-9474-1A3956D46DE8}") = "workflows", "workflows", "{2D8B78DE-7269-417B-9D0B-8981FA513ACB}"
	ProjectSection(SolutionItems) = preProject
		.github\workflows\auto-merge.yml = .github\workflows\auto-merge.yml
		.github\workflows\auto-update.yml = .github\workflows\auto-update.yml
		.github\workflows\dotnet.yml = .github\workflows\dotnet.yml
		.github\workflows\pull-request.yml = .github\workflows\pull-request.yml
		.github\dependabot.yml = .github\dependabot.yml
		.github\workflows\auto-remove-branches.yml = .github\workflows\auto-remove-branches.yml
	EndProjectSection
EndProject
Global
	GlobalSection(SolutionConfigurationPlatforms) = preSolution
		Debug|Any CPU = Debug|Any CPU
		Release|Any CPU = Release|Any CPU
	EndGlobalSection
	GlobalSection(ProjectConfigurationPlatforms) = postSolution
		{0028BC85-0064-4CE8-A21A-C1F5E922BD59}.Debug|Any CPU.ActiveCfg = Debug|Any CPU
		{0028BC85-0064-4CE8-A21A-C1F5E922BD59}.Debug|Any CPU.Build.0 = Debug|Any CPU
		{0028BC85-0064-4CE8-A21A-C1F5E922BD59}.Release|Any CPU.ActiveCfg = Release|Any CPU
		{0028BC85-0064-4CE8-A21A-C1F5E922BD59}.Release|Any CPU.Build.0 = Release|Any CPU
		{5504353C-9B7F-402B-9268-4821AB5E73F9}.Debug|Any CPU.ActiveCfg = Debug|Any CPU
		{5504353C-9B7F-402B-9268-4821AB5E73F9}.Debug|Any CPU.Build.0 = Debug|Any CPU
		{5504353C-9B7F-402B-9268-4821AB5E73F9}.Release|Any CPU.ActiveCfg = Release|Any CPU
		{5504353C-9B7F-402B-9268-4821AB5E73F9}.Release|Any CPU.Build.0 = Release|Any CPU
		{594DCFD8-E707-4232-B878-90FA3D880474}.Debug|Any CPU.ActiveCfg = Debug|Any CPU
		{594DCFD8-E707-4232-B878-90FA3D880474}.Debug|Any CPU.Build.0 = Debug|Any CPU
		{594DCFD8-E707-4232-B878-90FA3D880474}.Release|Any CPU.ActiveCfg = Release|Any CPU
		{594DCFD8-E707-4232-B878-90FA3D880474}.Release|Any CPU.Build.0 = Release|Any CPU
		{FCBE699C-CCD3-4809-8128-78956BC3F2C3}.Debug|Any CPU.ActiveCfg = Debug|Any CPU
		{FCBE699C-CCD3-4809-8128-78956BC3F2C3}.Debug|Any CPU.Build.0 = Debug|Any CPU
		{FCBE699C-CCD3-4809-8128-78956BC3F2C3}.Release|Any CPU.ActiveCfg = Release|Any CPU
		{FCBE699C-CCD3-4809-8128-78956BC3F2C3}.Release|Any CPU.Build.0 = Release|Any CPU
		{9F7DC3A1-B113-4577-875D-73B2DDD6647A}.Debug|Any CPU.ActiveCfg = Debug|Any CPU
		{9F7DC3A1-B113-4577-875D-73B2DDD6647A}.Debug|Any CPU.Build.0 = Debug|Any CPU
		{9F7DC3A1-B113-4577-875D-73B2DDD6647A}.Release|Any CPU.ActiveCfg = Release|Any CPU
		{9F7DC3A1-B113-4577-875D-73B2DDD6647A}.Release|Any CPU.Build.0 = Release|Any CPU
		{A3F06E45-DFA8-4236-BFF5-425091762548}.Debug|Any CPU.ActiveCfg = Debug|Any CPU
		{A3F06E45-DFA8-4236-BFF5-425091762548}.Debug|Any CPU.Build.0 = Debug|Any CPU
		{A3F06E45-DFA8-4236-BFF5-425091762548}.Release|Any CPU.ActiveCfg = Release|Any CPU
		{A3F06E45-DFA8-4236-BFF5-425091762548}.Release|Any CPU.Build.0 = Release|Any CPU
		{F1A9D4C9-0075-4AB0-95A2-095B7DF31FB1}.Debug|Any CPU.ActiveCfg = Debug|Any CPU
		{F1A9D4C9-0075-4AB0-95A2-095B7DF31FB1}.Debug|Any CPU.Build.0 = Debug|Any CPU
		{F1A9D4C9-0075-4AB0-95A2-095B7DF31FB1}.Release|Any CPU.ActiveCfg = Release|Any CPU
		{F1A9D4C9-0075-4AB0-95A2-095B7DF31FB1}.Release|Any CPU.Build.0 = Release|Any CPU
	EndGlobalSection
	GlobalSection(SolutionProperties) = preSolution
		HideSolutionNode = FALSE
	EndGlobalSection
	GlobalSection(NestedProjects) = preSolution
		{0028BC85-0064-4CE8-A21A-C1F5E922BD59} = {61E7E11E-4558-434C-ACE8-06316A3097B3}
		{5504353C-9B7F-402B-9268-4821AB5E73F9} = {61E7E11E-4558-434C-ACE8-06316A3097B3}
		{594DCFD8-E707-4232-B878-90FA3D880474} = {1A008ECD-2300-4BE4-A302-49DDF8BE0D54}
		{FCBE699C-CCD3-4809-8128-78956BC3F2C3} = {61E7E11E-4558-434C-ACE8-06316A3097B3}
		{9F7DC3A1-B113-4577-875D-73B2DDD6647A} = {1A008ECD-2300-4BE4-A302-49DDF8BE0D54}
		{A3F06E45-DFA8-4236-BFF5-425091762548} = {AAA11B78-2764-4520-A97E-46AA7089A588}
		{F1A9D4C9-0075-4AB0-95A2-095B7DF31FB1} = {AAA11B78-2764-4520-A97E-46AA7089A588}
		{2D8B78DE-7269-417B-9D0B-8981FA513ACB} = {E793AF18-4371-4EBD-96FC-195EB1798855}
	EndGlobalSection
	GlobalSection(ExtensibilityGlobals) = postSolution
		SolutionGuid = {CED9A020-DBA5-4BE6-8096-75E528648EC1}
	EndGlobalSection
EndGlobal
